// !$*UTF8*$!
{
	archiveVersion = 1;
	classes = {
	};
	objectVersion = 48;
	objects = {

/* Begin PBXBuildFile section */
		4565C0501FF634FA00C4C2E3 /* AppDelegate.swift in Sources */ = {isa = PBXBuildFile; fileRef = 4565C04F1FF634FA00C4C2E3 /* AppDelegate.swift */; };
		4565C0521FF634FA00C4C2E3 /* ViewController.swift in Sources */ = {isa = PBXBuildFile; fileRef = 4565C0511FF634FA00C4C2E3 /* ViewController.swift */; };
		4565C0551FF634FA00C4C2E3 /* Main.storyboard in Resources */ = {isa = PBXBuildFile; fileRef = 4565C0531FF634FA00C4C2E3 /* Main.storyboard */; };
		4565C0571FF634FA00C4C2E3 /* Assets.xcassets in Resources */ = {isa = PBXBuildFile; fileRef = 4565C0561FF634FA00C4C2E3 /* Assets.xcassets */; };
		4565C05A1FF634FA00C4C2E3 /* LaunchScreen.storyboard in Resources */ = {isa = PBXBuildFile; fileRef = 4565C0581FF634FA00C4C2E3 /* LaunchScreen.storyboard */; };
		4565C0651FF634FB00C4C2E3 /* calendarBedBookingTests.swift in Sources */ = {isa = PBXBuildFile; fileRef = 4565C0641FF634FB00C4C2E3 /* calendarBedBookingTests.swift */; };
		4565C0701FF634FB00C4C2E3 /* calendarBedBookingUITests.swift in Sources */ = {isa = PBXBuildFile; fileRef = 4565C06F1FF634FB00C4C2E3 /* calendarBedBookingUITests.swift */; };
/* End PBXBuildFile section */

/* Begin PBXContainerItemProxy section */
		4565C0611FF634FB00C4C2E3 /* PBXContainerItemProxy */ = {
			isa = PBXContainerItemProxy;
			containerPortal = 4565C0441FF634FA00C4C2E3 /* Project object */;
			proxyType = 1;
			remoteGlobalIDString = 4565C04B1FF634FA00C4C2E3;
			remoteInfo = calendarBedBooking;
		};
		4565C06C1FF634FB00C4C2E3 /* PBXContainerItemProxy */ = {
			isa = PBXContainerItemProxy;
			containerPortal = 4565C0441FF634FA00C4C2E3 /* Project object */;
			proxyType = 1;
			remoteGlobalIDString = 4565C04B1FF634FA00C4C2E3;
			remoteInfo = calendarBedBooking;
		};
/* End PBXContainerItemProxy section */

/* Begin PBXFileReference section */
		4565C04C1FF634FA00C4C2E3 /* calendarBedBooking.app */ = {isa = PBXFileReference; explicitFileType = wrapper.application; includeInIndex = 0; path = calendarBedBooking.app; sourceTree = BUILT_PRODUCTS_DIR; };
		4565C04F1FF634FA00C4C2E3 /* AppDelegate.swift */ = {isa = PBXFileReference; lastKnownFileType = sourcecode.swift; path = AppDelegate.swift; sourceTree = "<group>"; };
		4565C0511FF634FA00C4C2E3 /* ViewController.swift */ = {isa = PBXFileReference; lastKnownFileType = sourcecode.swift; path = ViewController.swift; sourceTree = "<group>"; };
		4565C0541FF634FA00C4C2E3 /* Base */ = {isa = PBXFileReference; lastKnownFileType = file.storyboard; name = Base; path = Base.lproj/Main.storyboard; sourceTree = "<group>"; };
		4565C0561FF634FA00C4C2E3 /* Assets.xcassets */ = {isa = PBXFileReference; lastKnownFileType = folder.assetcatalog; path = Assets.xcassets; sourceTree = "<group>"; };
		4565C0591FF634FA00C4C2E3 /* Base */ = {isa = PBXFileReference; lastKnownFileType = file.storyboard; name = Base; path = Base.lproj/LaunchScreen.storyboard; sourceTree = "<group>"; };
		4565C05B1FF634FA00C4C2E3 /* Info.plist */ = {isa = PBXFileReference; lastKnownFileType = text.plist.xml; path = Info.plist; sourceTree = "<group>"; };
		4565C0601FF634FA00C4C2E3 /* calendarBedBookingTests.xctest */ = {isa = PBXFileReference; explicitFileType = wrapper.cfbundle; includeInIndex = 0; path = calendarBedBookingTests.xctest; sourceTree = BUILT_PRODUCTS_DIR; };
		4565C0641FF634FB00C4C2E3 /* calendarBedBookingTests.swift */ = {isa = PBXFileReference; lastKnownFileType = sourcecode.swift; path = calendarBedBookingTests.swift; sourceTree = "<group>"; };
		4565C0661FF634FB00C4C2E3 /* Info.plist */ = {isa = PBXFileReference; lastKnownFileType = text.plist.xml; path = Info.plist; sourceTree = "<group>"; };
		4565C06B1FF634FB00C4C2E3 /* calendarBedBookingUITests.xctest */ = {isa = PBXFileReference; explicitFileType = wrapper.cfbundle; includeInIndex = 0; path = calendarBedBookingUITests.xctest; sourceTree = BUILT_PRODUCTS_DIR; };
		4565C06F1FF634FB00C4C2E3 /* calendarBedBookingUITests.swift */ = {isa = PBXFileReference; lastKnownFileType = sourcecode.swift; path = calendarBedBookingUITests.swift; sourceTree = "<group>"; };
		4565C0711FF634FB00C4C2E3 /* Info.plist */ = {isa = PBXFileReference; lastKnownFileType = text.plist.xml; path = Info.plist; sourceTree = "<group>"; };
/* End PBXFileReference section */

/* Begin PBXFrameworksBuildPhase section */
		4565C0491FF634FA00C4C2E3 /* Frameworks */ = {
			isa = PBXFrameworksBuildPhase;
			buildActionMask = 2147483647;
			files = (
			);
			runOnlyForDeploymentPostprocessing = 0;
		};
		4565C05D1FF634FA00C4C2E3 /* Frameworks */ = {
			isa = PBXFrameworksBuildPhase;
			buildActionMask = 2147483647;
			files = (
			);
			runOnlyForDeploymentPostprocessing = 0;
		};
		4565C0681FF634FB00C4C2E3 /* Frameworks */ = {
			isa = PBXFrameworksBuildPhase;
			buildActionMask = 2147483647;
			files = (
			);
			runOnlyForDeploymentPostprocessing = 0;
		};
/* End PBXFrameworksBuildPhase section */

/* Begin PBXGroup section */
		4565C0431FF634FA00C4C2E3 = {
			isa = PBXGroup;
			children = (
				4565C04E1FF634FA00C4C2E3 /* calendarBedBooking */,
				4565C0631FF634FB00C4C2E3 /* calendarBedBookingTests */,
				4565C06E1FF634FB00C4C2E3 /* calendarBedBookingUITests */,
				4565C04D1FF634FA00C4C2E3 /* Products */,
			);
			sourceTree = "<group>";
		};
		4565C04D1FF634FA00C4C2E3 /* Products */ = {
			isa = PBXGroup;
			children = (
				4565C04C1FF634FA00C4C2E3 /* calendarBedBooking.app */,
				4565C0601FF634FA00C4C2E3 /* calendarBedBookingTests.xctest */,
				4565C06B1FF634FB00C4C2E3 /* calendarBedBookingUITests.xctest */,
			);
			name = Products;
			sourceTree = "<group>";
		};
		4565C04E1FF634FA00C4C2E3 /* calendarBedBooking */ = {
			isa = PBXGroup;
			children = (
				4565C04F1FF634FA00C4C2E3 /* AppDelegate.swift */,
				4565C0511FF634FA00C4C2E3 /* ViewController.swift */,
				4565C0531FF634FA00C4C2E3 /* Main.storyboard */,
				4565C0561FF634FA00C4C2E3 /* Assets.xcassets */,
				4565C0581FF634FA00C4C2E3 /* LaunchScreen.storyboard */,
				4565C05B1FF634FA00C4C2E3 /* Info.plist */,
			);
			path = calendarBedBooking;
			sourceTree = "<group>";
		};
		4565C0631FF634FB00C4C2E3 /* calendarBedBookingTests */ = {
			isa = PBXGroup;
			children = (
				4565C0641FF634FB00C4C2E3 /* calendarBedBookingTests.swift */,
				4565C0661FF634FB00C4C2E3 /* Info.plist */,
			);
			path = calendarBedBookingTests;
			sourceTree = "<group>";
		};
		4565C06E1FF634FB00C4C2E3 /* calendarBedBookingUITests */ = {
			isa = PBXGroup;
			children = (
				4565C06F1FF634FB00C4C2E3 /* calendarBedBookingUITests.swift */,
				4565C0711FF634FB00C4C2E3 /* Info.plist */,
			);
			path = calendarBedBookingUITests;
			sourceTree = "<group>";
		};
/* End PBXGroup section */

/* Begin PBXNativeTarget section */
		4565C04B1FF634FA00C4C2E3 /* calendarBedBooking */ = {
			isa = PBXNativeTarget;
			buildConfigurationList = 4565C0741FF634FB00C4C2E3 /* Build configuration list for PBXNativeTarget "calendarBedBooking" */;
			buildPhases = (
				4565C0481FF634FA00C4C2E3 /* Sources */,
				4565C0491FF634FA00C4C2E3 /* Frameworks */,
				4565C04A1FF634FA00C4C2E3 /* Resources */,
			);
			buildRules = (
			);
			dependencies = (
			);
			name = calendarBedBooking;
			productName = calendarBedBooking;
			productReference = 4565C04C1FF634FA00C4C2E3 /* calendarBedBooking.app */;
			productType = "com.apple.product-type.application";
		};
		4565C05F1FF634FA00C4C2E3 /* calendarBedBookingTests */ = {
			isa = PBXNativeTarget;
			buildConfigurationList = 4565C0771FF634FB00C4C2E3 /* Build configuration list for PBXNativeTarget "calendarBedBookingTests" */;
			buildPhases = (
				4565C05C1FF634FA00C4C2E3 /* Sources */,
				4565C05D1FF634FA00C4C2E3 /* Frameworks */,
				4565C05E1FF634FA00C4C2E3 /* Resources */,
			);
			buildRules = (
			);
			dependencies = (
				4565C0621FF634FB00C4C2E3 /* PBXTargetDependency */,
			);
			name = calendarBedBookingTests;
			productName = calendarBedBookingTests;
			productReference = 4565C0601FF634FA00C4C2E3 /* calendarBedBookingTests.xctest */;
			productType = "com.apple.product-type.bundle.unit-test";
		};
		4565C06A1FF634FB00C4C2E3 /* calendarBedBookingUITests */ = {
			isa = PBXNativeTarget;
			buildConfigurationList = 4565C07A1FF634FB00C4C2E3 /* Build configuration list for PBXNativeTarget "calendarBedBookingUITests" */;
			buildPhases = (
				4565C0671FF634FB00C4C2E3 /* Sources */,
				4565C0681FF634FB00C4C2E3 /* Frameworks */,
				4565C0691FF634FB00C4C2E3 /* Resources */,
			);
			buildRules = (
			);
			dependencies = (
				4565C06D1FF634FB00C4C2E3 /* PBXTargetDependency */,
			);
			name = calendarBedBookingUITests;
			productName = calendarBedBookingUITests;
			productReference = 4565C06B1FF634FB00C4C2E3 /* calendarBedBookingUITests.xctest */;
			productType = "com.apple.product-type.bundle.ui-testing";
		};
/* End PBXNativeTarget section */

/* Begin PBXProject section */
		4565C0441FF634FA00C4C2E3 /* Project object */ = {
			isa = PBXProject;
			attributes = {
				LastSwiftUpdateCheck = 0920;
				LastUpgradeCheck = 0920;
				ORGANIZATIONNAME = ekorszaczuk;
				TargetAttributes = {
					4565C04B1FF634FA00C4C2E3 = {
						CreatedOnToolsVersion = 9.2;
						ProvisioningStyle = Automatic;
					};
					4565C05F1FF634FA00C4C2E3 = {
						CreatedOnToolsVersion = 9.2;
						ProvisioningStyle = Automatic;
						TestTargetID = 4565C04B1FF634FA00C4C2E3;
					};
					4565C06A1FF634FB00C4C2E3 = {
						CreatedOnToolsVersion = 9.2;
						ProvisioningStyle = Automatic;
						TestTargetID = 4565C04B1FF634FA00C4C2E3;
					};
				};
			};
			buildConfigurationList = 4565C0471FF634FA00C4C2E3 /* Build configuration list for PBXProject "calendarBedBooking" */;
			compatibilityVersion = "Xcode 8.0";
			developmentRegion = en;
			hasScannedForEncodings = 0;
			knownRegions = (
				en,
				Base,
			);
			mainGroup = 4565C0431FF634FA00C4C2E3;
			productRefGroup = 4565C04D1FF634FA00C4C2E3 /* Products */;
			projectDirPath = "";
			projectRoot = "";
			targets = (
				4565C04B1FF634FA00C4C2E3 /* calendarBedBooking */,
				4565C05F1FF634FA00C4C2E3 /* calendarBedBookingTests */,
				4565C06A1FF634FB00C4C2E3 /* calendarBedBookingUITests */,
			);
		};
/* End PBXProject section */

/* Begin PBXResourcesBuildPhase section */
		4565C04A1FF634FA00C4C2E3 /* Resources */ = {
			isa = PBXResourcesBuildPhase;
			buildActionMask = 2147483647;
			files = (
				4565C05A1FF634FA00C4C2E3 /* LaunchScreen.storyboard in Resources */,
				4565C0571FF634FA00C4C2E3 /* Assets.xcassets in Resources */,
				4565C0551FF634FA00C4C2E3 /* Main.storyboard in Resources */,
			);
			runOnlyForDeploymentPostprocessing = 0;
		};
		4565C05E1FF634FA00C4C2E3 /* Resources */ = {
			isa = PBXResourcesBuildPhase;
			buildActionMask = 2147483647;
			files = (
			);
			runOnlyForDeploymentPostprocessing = 0;
		};
		4565C0691FF634FB00C4C2E3 /* Resources */ = {
			isa = PBXResourcesBuildPhase;
			buildActionMask = 2147483647;
			files = (
			);
			runOnlyForDeploymentPostprocessing = 0;
		};
/* End PBXResourcesBuildPhase section */

/* Begin PBXSourcesBuildPhase section */
		4565C0481FF634FA00C4C2E3 /* Sources */ = {
			isa = PBXSourcesBuildPhase;
			buildActionMask = 2147483647;
			files = (
				4565C0521FF634FA00C4C2E3 /* ViewController.swift in Sources */,
				4565C0501FF634FA00C4C2E3 /* AppDelegate.swift in Sources */,
			);
			runOnlyForDeploymentPostprocessing = 0;
		};
		4565C05C1FF634FA00C4C2E3 /* Sources */ = {
			isa = PBXSourcesBuildPhase;
			buildActionMask = 2147483647;
			files = (
				4565C0651FF634FB00C4C2E3 /* calendarBedBookingTests.swift in Sources */,
			);
			runOnlyForDeploymentPostprocessing = 0;
		};
		4565C0671FF634FB00C4C2E3 /* Sources */ = {
			isa = PBXSourcesBuildPhase;
			buildActionMask = 2147483647;
			files = (
				4565C0701FF634FB00C4C2E3 /* calendarBedBookingUITests.swift in Sources */,
			);
			runOnlyForDeploymentPostprocessing = 0;
		};
/* End PBXSourcesBuildPhase section */

/* Begin PBXTargetDependency section */
		4565C0621FF634FB00C4C2E3 /* PBXTargetDependency */ = {
			isa = PBXTargetDependency;
			target = 4565C04B1FF634FA00C4C2E3 /* calendarBedBooking */;
			targetProxy = 4565C0611FF634FB00C4C2E3 /* PBXContainerItemProxy */;
		};
		4565C06D1FF634FB00C4C2E3 /* PBXTargetDependency */ = {
			isa = PBXTargetDependency;
			target = 4565C04B1FF634FA00C4C2E3 /* calendarBedBooking */;
			targetProxy = 4565C06C1FF634FB00C4C2E3 /* PBXContainerItemProxy */;
		};
/* End PBXTargetDependency section */

/* Begin PBXVariantGroup section */
		4565C0531FF634FA00C4C2E3 /* Main.storyboard */ = {
			isa = PBXVariantGroup;
			children = (
				4565C0541FF634FA00C4C2E3 /* Base */,
			);
			name = Main.storyboard;
			sourceTree = "<group>";
		};
		4565C0581FF634FA00C4C2E3 /* LaunchScreen.storyboard */ = {
			isa = PBXVariantGroup;
			children = (
				4565C0591FF634FA00C4C2E3 /* Base */,
			);
			name = LaunchScreen.storyboard;
			sourceTree = "<group>";
		};
/* End PBXVariantGroup section */

/* Begin XCBuildConfiguration section */
		4565C0721FF634FB00C4C2E3 /* Debug */ = {
			isa = XCBuildConfiguration;
			buildSettings = {
				ALWAYS_SEARCH_USER_PATHS = NO;
				CLANG_ANALYZER_NONNULL = YES;
				CLANG_ANALYZER_NUMBER_OBJECT_CONVERSION = YES_AGGRESSIVE;
				CLANG_CXX_LANGUAGE_STANDARD = "gnu++14";
				CLANG_CXX_LIBRARY = "libc++";
				CLANG_ENABLE_MODULES = YES;
				CLANG_ENABLE_OBJC_ARC = YES;
				CLANG_WARN_BLOCK_CAPTURE_AUTORELEASING = YES;
				CLANG_WARN_BOOL_CONVERSION = YES;
				CLANG_WARN_COMMA = YES;
				CLANG_WARN_CONSTANT_CONVERSION = YES;
				CLANG_WARN_DIRECT_OBJC_ISA_USAGE = YES_ERROR;
				CLANG_WARN_DOCUMENTATION_COMMENTS = YES;
				CLANG_WARN_EMPTY_BODY = YES;
				CLANG_WARN_ENUM_CONVERSION = YES;
				CLANG_WARN_INFINITE_RECURSION = YES;
				CLANG_WARN_INT_CONVERSION = YES;
				CLANG_WARN_NON_LITERAL_NULL_CONVERSION = YES;
				CLANG_WARN_OBJC_LITERAL_CONVERSION = YES;
				CLANG_WARN_OBJC_ROOT_CLASS = YES_ERROR;
				CLANG_WARN_RANGE_LOOP_ANALYSIS = YES;
				CLANG_WARN_STRICT_PROTOTYPES = YES;
				CLANG_WARN_SUSPICIOUS_MOVE = YES;
				CLANG_WARN_UNGUARDED_AVAILABILITY = YES_AGGRESSIVE;
				CLANG_WARN_UNREACHABLE_CODE = YES;
				CLANG_WARN__DUPLICATE_METHOD_MATCH = YES;
				CODE_SIGN_IDENTITY = "iPhone Developer";
				COPY_PHASE_STRIP = NO;
				DEBUG_INFORMATION_FORMAT = dwarf;
				ENABLE_STRICT_OBJC_MSGSEND = YES;
				ENABLE_TESTABILITY = YES;
				GCC_C_LANGUAGE_STANDARD = gnu11;
				GCC_DYNAMIC_NO_PIC = NO;
				GCC_NO_COMMON_BLOCKS = YES;
				GCC_OPTIMIZATION_LEVEL = 0;
				GCC_PREPROCESSOR_DEFINITIONS = (
					"DEBUG=1",
					"$(inherited)",
				);
				GCC_WARN_64_TO_32_BIT_CONVERSION = YES;
				GCC_WARN_ABOUT_RETURN_TYPE = YES_ERROR;
				GCC_WARN_UNDECLARED_SELECTOR = YES;
				GCC_WARN_UNINITIALIZED_AUTOS = YES_AGGRESSIVE;
				GCC_WARN_UNUSED_FUNCTION = YES;
				GCC_WARN_UNUSED_VARIABLE = YES;
				IPHONEOS_DEPLOYMENT_TARGET = 11.2;
				MTL_ENABLE_DEBUG_INFO = YES;
				ONLY_ACTIVE_ARCH = YES;
				SDKROOT = iphoneos;
				SWIFT_ACTIVE_COMPILATION_CONDITIONS = DEBUG;
				SWIFT_OPTIMIZATION_LEVEL = "-Onone";
			};
			name = Debug;
		};
		4565C0731FF634FB00C4C2E3 /* Release */ = {
			isa = XCBuildConfiguration;
			buildSettings = {
				ALWAYS_SEARCH_USER_PATHS = NO;
				CLANG_ANALYZER_NONNULL = YES;
				CLANG_ANALYZER_NUMBER_OBJECT_CONVERSION = YES_AGGRESSIVE;
				CLANG_CXX_LANGUAGE_STANDARD = "gnu++14";
				CLANG_CXX_LIBRARY = "libc++";
				CLANG_ENABLE_MODULES = YES;
				CLANG_ENABLE_OBJC_ARC = YES;
				CLANG_WARN_BLOCK_CAPTURE_AUTORELEASING = YES;
				CLANG_WARN_BOOL_CONVERSION = YES;
				CLANG_WARN_COMMA = YES;
				CLANG_WARN_CONSTANT_CONVERSION = YES;
				CLANG_WARN_DIRECT_OBJC_ISA_USAGE = YES_ERROR;
				CLANG_WARN_DOCUMENTATION_COMMENTS = YES;
				CLANG_WARN_EMPTY_BODY = YES;
				CLANG_WARN_ENUM_CONVERSION = YES;
				CLANG_WARN_INFINITE_RECURSION = YES;
				CLANG_WARN_INT_CONVERSION = YES;
				CLANG_WARN_NON_LITERAL_NULL_CONVERSION = YES;
				CLANG_WARN_OBJC_LITERAL_CONVERSION = YES;
				CLANG_WARN_OBJC_ROOT_CLASS = YES_ERROR;
				CLANG_WARN_RANGE_LOOP_ANALYSIS = YES;
				CLANG_WARN_STRICT_PROTOTYPES = YES;
				CLANG_WARN_SUSPICIOUS_MOVE = YES;
				CLANG_WARN_UNGUARDED_AVAILABILITY = YES_AGGRESSIVE;
				CLANG_WARN_UNREACHABLE_CODE = YES;
				CLANG_WARN__DUPLICATE_METHOD_MATCH = YES;
				CODE_SIGN_IDENTITY = "iPhone Developer";
				COPY_PHASE_STRIP = NO;
				DEBUG_INFORMATION_FORMAT = "dwarf-with-dsym";
				ENABLE_NS_ASSERTIONS = NO;
				ENABLE_STRICT_OBJC_MSGSEND = YES;
				GCC_C_LANGUAGE_STANDARD = gnu11;
				GCC_NO_COMMON_BLOCKS = YES;
				GCC_WARN_64_TO_32_BIT_CONVERSION = YES;
				GCC_WARN_ABOUT_RETURN_TYPE = YES_ERROR;
				GCC_WARN_UNDECLARED_SELECTOR = YES;
				GCC_WARN_UNINITIALIZED_AUTOS = YES_AGGRESSIVE;
				GCC_WARN_UNUSED_FUNCTION = YES;
				GCC_WARN_UNUSED_VARIABLE = YES;
				IPHONEOS_DEPLOYMENT_TARGET = 11.2;
				MTL_ENABLE_DEBUG_INFO = NO;
				SDKROOT = iphoneos;
				SWIFT_OPTIMIZATION_LEVEL = "-Owholemodule";
				VALIDATE_PRODUCT = YES;
			};
			name = Release;
		};
		4565C0751FF634FB00C4C2E3 /* Debug */ = {
			isa = XCBuildConfiguration;
			buildSettings = {
				ASSETCATALOG_COMPILER_APPICON_NAME = AppIcon;
				CODE_SIGN_STYLE = Automatic;
				DEVELOPMENT_TEAM = BBU8H4RV47;
				INFOPLIST_FILE = calendarBedBooking/Info.plist;
				LD_RUNPATH_SEARCH_PATHS = "$(inherited) @executable_path/Frameworks";
				PRODUCT_BUNDLE_IDENTIFIER = e.calendarBedBooking;
				PRODUCT_NAME = "$(TARGET_NAME)";
				SWIFT_VERSION = 4.0;
				TARGETED_DEVICE_FAMILY = "1,2";
			};
			name = Debug;
		};
		4565C0761FF634FB00C4C2E3 /* Release */ = {
			isa = XCBuildConfiguration;
			buildSettings = {
				ASSETCATALOG_COMPILER_APPICON_NAME = AppIcon;
				CODE_SIGN_STYLE = Automatic;
				DEVELOPMENT_TEAM = BBU8H4RV47;
				INFOPLIST_FILE = calendarBedBooking/Info.plist;
				LD_RUNPATH_SEARCH_PATHS = "$(inherited) @executable_path/Frameworks";
				PRODUCT_BUNDLE_IDENTIFIER = e.calendarBedBooking;
				PRODUCT_NAME = "$(TARGET_NAME)";
				SWIFT_VERSION = 4.0;
				TARGETED_DEVICE_FAMILY = "1,2";
			};
			name = Release;
		};
		4565C0781FF634FB00C4C2E3 /* Debug */ = {
			isa = XCBuildConfiguration;
			buildSettings = {
				ALWAYS_EMBED_SWIFT_STANDARD_LIBRARIES = YES;
				BUNDLE_LOADER = "$(TEST_HOST)";
				CODE_SIGN_STYLE = Automatic;
				DEVELOPMENT_TEAM = BBU8H4RV47;
				INFOPLIST_FILE = calendarBedBookingTests/Info.plist;
				LD_RUNPATH_SEARCH_PATHS = "$(inherited) @executable_path/Frameworks @loader_path/Frameworks";
				PRODUCT_BUNDLE_IDENTIFIER = e.calendarBedBookingTests;
				PRODUCT_NAME = "$(TARGET_NAME)";
				SWIFT_VERSION = 4.0;
				TARGETED_DEVICE_FAMILY = "1,2";
				TEST_HOST = "$(BUILT_PRODUCTS_DIR)/calendarBedBooking.app/calendarBedBooking";
			};
			name = Debug;
		};
		4565C0791FF634FB00C4C2E3 /* Release */ = {
			isa = XCBuildConfiguration;
			buildSettings = {
				ALWAYS_EMBED_SWIFT_STANDARD_LIBRARIES = YES;
				BUNDLE_LOADER = "$(TEST_HOST)";
				CODE_SIGN_STYLE = Automatic;
				DEVELOPMENT_TEAM = BBU8H4RV47;
				INFOPLIST_FILE = calendarBedBookingTests/Info.plist;
				LD_RUNPATH_SEARCH_PATHS = "$(inherited) @executable_path/Frameworks @loader_path/Frameworks";
				PRODUCT_BUNDLE_IDENTIFIER = e.calendarBedBookingTests;
				PRODUCT_NAME = "$(TARGET_NAME)";
				SWIFT_VERSION = 4.0;
				TARGETED_DEVICE_FAMILY = "1,2";
				TEST_HOST = "$(BUILT_PRODUCTS_DIR)/calendarBedBooking.app/calendarBedBooking";
			};
			name = Release;
		};
		4565C07B1FF634FB00C4C2E3 /* Debug */ = {
			isa = XCBuildConfiguration;
			buildSettings = {
				ALWAYS_EMBED_SWIFT_STANDARD_LIBRARIES = YES;
				CODE_SIGN_STYLE = Automatic;
				DEVELOPMENT_TEAM = BBU8H4RV47;
				INFOPLIST_FILE = calendarBedBookingUITests/Info.plist;
				LD_RUNPATH_SEARCH_PATHS = "$(inherited) @executable_path/Frameworks @loader_path/Frameworks";
				PRODUCT_BUNDLE_IDENTIFIER = e.calendarBedBookingUITests;
				PRODUCT_NAME = "$(TARGET_NAME)";
				SWIFT_VERSION = 4.0;
				TARGETED_DEVICE_FAMILY = "1,2";
				TEST_TARGET_NAME = calendarBedBooking;
			};
			name = Debug;
		};
		4565C07C1FF634FB00C4C2E3 /* Release */ = {
			isa = XCBuildConfiguration;
			buildSettings = {
				ALWAYS_EMBED_SWIFT_STANDARD_LIBRARIES = YES;
				CODE_SIGN_STYLE = Automatic;
				DEVELOPMENT_TEAM = BBU8H4RV47;
				INFOPLIST_FILE = calendarBedBookingUITests/Info.plist;
				LD_RUNPATH_SEARCH_PATHS = "$(inherited) @executable_path/Frameworks @loader_path/Frameworks";
				PRODUCT_BUNDLE_IDENTIFIER = e.calendarBedBookingUITests;
				PRODUCT_NAME = "$(TARGET_NAME)";
				SWIFT_VERSION = 4.0;
				TARGETED_DEVICE_FAMILY = "1,2";
				TEST_TARGET_NAME = calendarBedBooking;
			};
			name = Release;
		};
/* End XCBuildConfiguration section */

/* Begin XCConfigurationList section */
		4565C0471FF634FA00C4C2E3 /* Build configuration list for PBXProject "calendarBedBooking" */ = {
			isa = XCConfigurationList;
			buildConfigurations = (
				4565C0721FF634FB00C4C2E3 /* Debug */,
				4565C0731FF634FB00C4C2E3 /* Release */,
			);
			defaultConfigurationIsVisible = 0;
			defaultConfigurationName = Release;
		};
		4565C0741FF634FB00C4C2E3 /* Build configuration list for PBXNativeTarget "calendarBedBooking" */ = {
			isa = XCConfigurationList;
			buildConfigurations = (
				4565C0751FF634FB00C4C2E3 /* Debug */,
				4565C0761FF634FB00C4C2E3 /* Release */,
			);
			defaultConfigurationIsVisible = 0;
			defaultConfigurationName = Release;
		};
		4565C0771FF634FB00C4C2E3 /* Build configuration list for PBXNativeTarget "calendarBedBookingTests" */ = {
			isa = XCConfigurationList;
			buildConfigurations = (
				4565C0781FF634FB00C4C2E3 /* Debug */,
				4565C0791FF634FB00C4C2E3 /* Release */,
			);
			defaultConfigurationIsVisible = 0;
			defaultConfigurationName = Release;
		};
		4565C07A1FF634FB00C4C2E3 /* Build configuration list for PBXNativeTarget "calendarBedBookingUITests" */ = {
			isa = XCConfigurationList;
			buildConfigurations = (
				4565C07B1FF634FB00C4C2E3 /* Debug */,
				4565C07C1FF634FB00C4C2E3 /* Release */,
			);
			defaultConfigurationIsVisible = 0;
			defaultConfigurationName = Release;
		};
/* End XCConfigurationList section */
	};
	rootObject = 4565C0441FF634FA00C4C2E3 /* Project object */;
}
